
Microsoft Visual Studio Solution File, Format Version 12.00
# Visual Studio Version 17
VisualStudioVersion = 17.1.32210.238
MinimumVisualStudioVersion = 10.0.40219.1
Project("{FAE04EC0-301F-11D3-BF4B-00C04F79EFBC}") = "RaceConditionWithMonitor", "RaceConditionWithMonitor\RaceConditionWithMonitor.csproj", "{71F9B427-7732-4B47-AD24-AE6DA4C3C5D4}"
EndProject
Global
	GlobalSection(SolutionConfigurationPlatforms) = preSolution
		Debug|Any CPU = Debug|Any CPU
		Release|Any CPU = Release|Any CPU
	EndGlobalSection
	GlobalSection(ProjectConfigurationPlatforms) = postSolution
		{71F9B427-7732-4B47-AD24-AE6DA4C3C5D4}.Debug|Any CPU.ActiveCfg = Debug|Any CPU
		{71F9B427-7732-4B47-AD24-AE6DA4C3C5D4}.Debug|Any CPU.Build.0 = Debug|Any CPU
		{71F9B427-7732-4B47-AD24-AE6DA4C3C5D4}.Release|Any CPU.ActiveCfg = Release|Any CPU
		{71F9B427-7732-4B47-AD24-AE6DA4C3C5D4}.Release|Any CPU.Build.0 = Release|Any CPU
	EndGlobalSection
	GlobalSection(SolutionProperties) = preSolution
		HideSolutionNode = FALSE
	EndGlobalSection
	GlobalSection(ExtensibilityGlobals) = postSolution
		SolutionGuid = {B6B6CFAC-E269-4F66-8D65-4CD4A1A4D12C}
	EndGlobalSection
EndGlobal
